
Microsoft Visual Studio Solution File, Format Version 12.00
# Visual Studio 15
VisualStudioVersion = 15.0.28307.489
MinimumVisualStudioVersion = 10.0.40219.1
Project("{FAE04EC0-301F-11D3-BF4B-00C04F79EFBC}") = "SwipeQuiz.Android", "SwipeQuiz\SwipeQuiz.Android\SwipeQuiz.Android.csproj", "{EE4BA38D-8378-4B3F-A8FB-112ECC750187}"
EndProject
Project("{FAE04EC0-301F-11D3-BF4B-00C04F79EFBC}") = "SwipeQuiz.iOS", "SwipeQuiz\SwipeQuiz.iOS\SwipeQuiz.iOS.csproj", "{B2C5F48B-D21D-498F-9091-C1E54B2E6C50}"
EndProject
Project("{9A19103F-16F7-4668-BE54-9A1E7A4F7556}") = "SwipeQuiz", "SwipeQuiz\SwipeQuiz\SwipeQuiz.csproj", "{9B6F5055-5419-4C6B-80A4-E99CC9F26158}"
EndProject
Global
	GlobalSection(SolutionConfigurationPlatforms) = preSolution
		Ad-Hoc|Any CPU = Ad-Hoc|Any CPU
		Ad-Hoc|iPhone = Ad-Hoc|iPhone
		Ad-Hoc|iPhoneSimulator = Ad-Hoc|iPhoneSimulator
		AppStore|Any CPU = AppStore|Any CPU
		AppStore|iPhone = AppStore|iPhone
		AppStore|iPhoneSimulator = AppStore|iPhoneSimulator
		Debug|Any CPU = Debug|Any CPU
		Debug|iPhone = Debug|iPhone
		Debug|iPhoneSimulator = Debug|iPhoneSimulator
		Release|Any CPU = Release|Any CPU
		Release|iPhone = Release|iPhone
		Release|iPhoneSimulator = Release|iPhoneSimulator
	EndGlobalSection
	GlobalSection(ProjectConfigurationPlatforms) = postSolution
		{EE4BA38D-8378-4B3F-A8FB-112ECC750187}.Ad-Hoc|Any CPU.ActiveCfg = Release|Any CPU
		{EE4BA38D-8378-4B3F-A8FB-112ECC750187}.Ad-Hoc|Any CPU.Build.0 = Release|Any CPU
		{EE4BA38D-8378-4B3F-A8FB-112ECC750187}.Ad-Hoc|Any CPU.Deploy.0 = Release|Any CPU
		{EE4BA38D-8378-4B3F-A8FB-112ECC750187}.Ad-Hoc|iPhone.ActiveCfg = Release|Any CPU
		{EE4BA38D-8378-4B3F-A8FB-112ECC750187}.Ad-Hoc|iPhone.Build.0 = Release|Any CPU
		{EE4BA38D-8378-4B3F-A8FB-112ECC750187}.Ad-Hoc|iPhone.Deploy.0 = Release|Any CPU
		{EE4BA38D-8378-4B3F-A8FB-112ECC750187}.Ad-Hoc|iPhoneSimulator.ActiveCfg = Release|Any CPU
		{EE4BA38D-8378-4B3F-A8FB-112ECC750187}.Ad-Hoc|iPhoneSimulator.Build.0 = Release|Any CPU
		{EE4BA38D-8378-4B3F-A8FB-112ECC750187}.Ad-Hoc|iPhoneSimulator.Deploy.0 = Release|Any CPU
		{EE4BA38D-8378-4B3F-A8FB-112ECC750187}.AppStore|Any CPU.ActiveCfg = Release|Any CPU
		{EE4BA38D-8378-4B3F-A8FB-112ECC750187}.AppStore|Any CPU.Build.0 = Release|Any CPU
		{EE4BA38D-8378-4B3F-A8FB-112ECC750187}.AppStore|Any CPU.Deploy.0 = Release|Any CPU
		{EE4BA38D-8378-4B3F-A8FB-112ECC750187}.AppStore|iPhone.ActiveCfg = Release|Any CPU
		{EE4BA38D-8378-4B3F-A8FB-112ECC750187}.AppStore|iPhone.Build.0 = Release|Any CPU
		{EE4BA38D-8378-4B3F-A8FB-112ECC750187}.AppStore|iPhone.Deploy.0 = Release|Any CPU
		{EE4BA38D-8378-4B3F-A8FB-112ECC750187}.AppStore|iPhoneSimulator.ActiveCfg = Release|Any CPU
		{EE4BA38D-8378-4B3F-A8FB-112ECC750187}.AppStore|iPhoneSimulator.Build.0 = Release|Any CPU
		{EE4BA38D-8378-4B3F-A8FB-112ECC750187}.AppStore|iPhoneSimulator.Deploy.0 = Release|Any CPU
		{EE4BA38D-8378-4B3F-A8FB-112ECC750187}.Debug|Any CPU.ActiveCfg = Debug|Any CPU
		{EE4BA38D-8378-4B3F-A8FB-112ECC750187}.Debug|Any CPU.Build.0 = Debug|Any CPU
		{EE4BA38D-8378-4B3F-A8FB-112ECC750187}.Debug|Any CPU.Deploy.0 = Debug|Any CPU
		{EE4BA38D-8378-4B3F-A8FB-112ECC750187}.Debug|iPhone.ActiveCfg = Debug|Any CPU
		{EE4BA38D-8378-4B3F-A8FB-112ECC750187}.Debug|iPhone.Build.0 = Debug|Any CPU
		{EE4BA38D-8378-4B3F-A8FB-112ECC750187}.Debug|iPhone.Deploy.0 = Debug|Any CPU
		{EE4BA38D-8378-4B3F-A8FB-112ECC750187}.Debug|iPhoneSimulator.ActiveCfg = Debug|Any CPU
		{EE4BA38D-8378-4B3F-A8FB-112ECC750187}.Debug|iPhoneSimulator.Build.0 = Debug|Any CPU
		{EE4BA38D-8378-4B3F-A8FB-112ECC750187}.Debug|iPhoneSimulator.Deploy.0 = Debug|Any CPU
		{EE4BA38D-8378-4B3F-A8FB-112ECC750187}.Release|Any CPU.ActiveCfg = Release|Any CPU
		{EE4BA38D-8378-4B3F-A8FB-112ECC750187}.Release|Any CPU.Build.0 = Release|Any CPU
		{EE4BA38D-8378-4B3F-A8FB-112ECC750187}.Release|Any CPU.Deploy.0 = Release|Any CPU
		{EE4BA38D-8378-4B3F-A8FB-112ECC750187}.Release|iPhone.ActiveCfg = Release|Any CPU
		{EE4BA38D-8378-4B3F-A8FB-112ECC750187}.Release|iPhone.Build.0 = Release|Any CPU
		{EE4BA38D-8378-4B3F-A8FB-112ECC750187}.Release|iPhone.Deploy.0 = Release|Any CPU
		{EE4BA38D-8378-4B3F-A8FB-112ECC750187}.Release|iPhoneSimulator.ActiveCfg = Release|Any CPU
		{EE4BA38D-8378-4B3F-A8FB-112ECC750187}.Release|iPhoneSimulator.Build.0 = Release|Any CPU
		{EE4BA38D-8378-4B3F-A8FB-112ECC750187}.Release|iPhoneSimulator.Deploy.0 = Release|Any CPU
		{B2C5F48B-D21D-498F-9091-C1E54B2E6C50}.Ad-Hoc|Any CPU.ActiveCfg = Ad-Hoc|iPhone
		{B2C5F48B-D21D-498F-9091-C1E54B2E6C50}.Ad-Hoc|Any CPU.Build.0 = Ad-Hoc|iPhone
		{B2C5F48B-D21D-498F-9091-C1E54B2E6C50}.Ad-Hoc|Any CPU.Deploy.0 = Ad-Hoc|iPhone
		{B2C5F48B-D21D-498F-9091-C1E54B2E6C50}.Ad-Hoc|iPhone.ActiveCfg = Ad-Hoc|iPhone
		{B2C5F48B-D21D-498F-9091-C1E54B2E6C50}.Ad-Hoc|iPhone.Build.0 = Ad-Hoc|iPhone
		{B2C5F48B-D21D-498F-9091-C1E54B2E6C50}.Ad-Hoc|iPhone.Deploy.0 = Ad-Hoc|iPhone
		{B2C5F48B-D21D-498F-9091-C1E54B2E6C50}.Ad-Hoc|iPhoneSimulator.ActiveCfg = Ad-Hoc|iPhoneSimulator
		{B2C5F48B-D21D-498F-9091-C1E54B2E6C50}.Ad-Hoc|iPhoneSimulator.Build.0 = Ad-Hoc|iPhoneSimulator
		{B2C5F48B-D21D-498F-9091-C1E54B2E6C50}.Ad-Hoc|iPhoneSimulator.Deploy.0 = Ad-Hoc|iPhoneSimulator
		{B2C5F48B-D21D-498F-9091-C1E54B2E6C50}.AppStore|Any CPU.ActiveCfg = AppStore|iPhone
		{B2C5F48B-D21D-498F-9091-C1E54B2E6C50}.AppStore|Any CPU.Build.0 = AppStore|iPhone
		{B2C5F48B-D21D-498F-9091-C1E54B2E6C50}.AppStore|Any CPU.Deploy.0 = AppStore|iPhone
		{B2C5F48B-D21D-498F-9091-C1E54B2E6C50}.AppStore|iPhone.ActiveCfg = AppStore|iPhone
		{B2C5F48B-D21D-498F-9091-C1E54B2E6C50}.AppStore|iPhone.Build.0 = AppStore|iPhone
		{B2C5F48B-D21D-498F-9091-C1E54B2E6C50}.AppStore|iPhone.Deploy.0 = AppStore|iPhone
		{B2C5F48B-D21D-498F-9091-C1E54B2E6C50}.AppStore|iPhoneSimulator.ActiveCfg = AppStore|iPhoneSimulator
		{B2C5F48B-D21D-498F-9091-C1E54B2E6C50}.AppStore|iPhoneSimulator.Build.0 = AppStore|iPhoneSimulator
		{B2C5F48B-D21D-498F-9091-C1E54B2E6C50}.AppStore|iPhoneSimulator.Deploy.0 = AppStore|iPhoneSimulator
		{B2C5F48B-D21D-498F-9091-C1E54B2E6C50}.Debug|Any CPU.ActiveCfg = Debug|iPhoneSimulator
		{B2C5F48B-D21D-498F-9091-C1E54B2E6C50}.Debug|Any CPU.Deploy.0 = Debug|iPhoneSimulator
		{B2C5F48B-D21D-498F-9091-C1E54B2E6C50}.Debug|iPhone.ActiveCfg = Debug|iPhone
		{B2C5F48B-D21D-498F-9091-C1E54B2E6C50}.Debug|iPhone.Build.0 = Debug|iPhone
		{B2C5F48B-D21D-498F-9091-C1E54B2E6C50}.Debug|iPhone.Deploy.0 = Debug|iPhone
		{B2C5F48B-D21D-498F-9091-C1E54B2E6C50}.Debug|iPhoneSimulator.ActiveCfg = Debug|iPhoneSimulator
		{B2C5F48B-D21D-498F-9091-C1E54B2E6C50}.Debug|iPhoneSimulator.Build.0 = Debug|iPhoneSimulator
		{B2C5F48B-D21D-498F-9091-C1E54B2E6C50}.Debug|iPhoneSimulator.Deploy.0 = Debug|iPhoneSimulator
		{B2C5F48B-D21D-498F-9091-C1E54B2E6C50}.Release|Any CPU.ActiveCfg = Release|iPhone
		{B2C5F48B-D21D-498F-9091-C1E54B2E6C50}.Release|Any CPU.Build.0 = Release|iPhone
		{B2C5F48B-D21D-498F-9091-C1E54B2E6C50}.Release|Any CPU.Deploy.0 = Release|iPhone
		{B2C5F48B-D21D-498F-9091-C1E54B2E6C50}.Release|iPhone.ActiveCfg = Release|iPhone
		{B2C5F48B-D21D-498F-9091-C1E54B2E6C50}.Release|iPhone.Build.0 = Release|iPhone
		{B2C5F48B-D21D-498F-9091-C1E54B2E6C50}.Release|iPhone.Deploy.0 = Release|iPhone
		{B2C5F48B-D21D-498F-9091-C1E54B2E6C50}.Release|iPhoneSimulator.ActiveCfg = Release|iPhoneSimulator
		{B2C5F48B-D21D-498F-9091-C1E54B2E6C50}.Release|iPhoneSimulator.Build.0 = Release|iPhoneSimulator
		{B2C5F48B-D21D-498F-9091-C1E54B2E6C50}.Release|iPhoneSimulator.Deploy.0 = Release|iPhoneSimulator
		{9B6F5055-5419-4C6B-80A4-E99CC9F26158}.Ad-Hoc|Any CPU.ActiveCfg = Debug|Any CPU
		{9B6F5055-5419-4C6B-80A4-E99CC9F26158}.Ad-Hoc|Any CPU.Build.0 = Debug|Any CPU
		{9B6F5055-5419-4C6B-80A4-E99CC9F26158}.Ad-Hoc|Any CPU.Deploy.0 = Debug|Any CPU
		{9B6F5055-5419-4C6B-80A4-E99CC9F26158}.Ad-Hoc|iPhone.ActiveCfg = Debug|Any CPU
		{9B6F5055-5419-4C6B-80A4-E99CC9F26158}.Ad-Hoc|iPhone.Build.0 = Debug|Any CPU
		{9B6F5055-5419-4C6B-80A4-E99CC9F26158}.Ad-Hoc|iPhone.Deploy.0 = Debug|Any CPU
		{9B6F5055-5419-4C6B-80A4-E99CC9F26158}.Ad-Hoc|iPhoneSimulator.ActiveCfg = Debug|Any CPU
		{9B6F5055-5419-4C6B-80A4-E99CC9F26158}.Ad-Hoc|iPhoneSimulator.Build.0 = Debug|Any CPU
		{9B6F5055-5419-4C6B-80A4-E99CC9F26158}.Ad-Hoc|iPhoneSimulator.Deploy.0 = Debug|Any CPU
		{9B6F5055-5419-4C6B-80A4-E99CC9F26158}.AppStore|Any CPU.ActiveCfg = Debug|Any CPU
		{9B6F5055-5419-4C6B-80A4-E99CC9F26158}.AppStore|Any CPU.Build.0 = Debug|Any CPU
		{9B6F5055-5419-4C6B-80A4-E99CC9F26158}.AppStore|Any CPU.Deploy.0 = Debug|Any CPU
		{9B6F5055-5419-4C6B-80A4-E99CC9F26158}.AppStore|iPhone.ActiveCfg = Debug|Any CPU
		{9B6F5055-5419-4C6B-80A4-E99CC9F26158}.AppStore|iPhone.Build.0 = Debug|Any CPU
		{9B6F5055-5419-4C6B-80A4-E99CC9F26158}.AppStore|iPhone.Deploy.0 = Debug|Any CPU
		{9B6F5055-5419-4C6B-80A4-E99CC9F26158}.AppStore|iPhoneSimulator.ActiveCfg = Debug|Any CPU
		{9B6F5055-5419-4C6B-80A4-E99CC9F26158}.AppStore|iPhoneSimulator.Build.0 = Debug|Any CPU
		{9B6F5055-5419-4C6B-80A4-E99CC9F26158}.AppStore|iPhoneSimulator.Deploy.0 = Debug|Any CPU
		{9B6F5055-5419-4C6B-80A4-E99CC9F26158}.Debug|Any CPU.ActiveCfg = Debug|Any CPU
		{9B6F5055-5419-4C6B-80A4-E99CC9F26158}.Debug|Any CPU.Build.0 = Debug|Any CPU
		{9B6F5055-5419-4C6B-80A4-E99CC9F26158}.Debug|Any CPU.Deploy.0 = Debug|Any CPU
		{9B6F5055-5419-4C6B-80A4-E99CC9F26158}.Debug|iPhone.ActiveCfg = Debug|Any CPU
		{9B6F5055-5419-4C6B-80A4-E99CC9F26158}.Debug|iPhone.Build.0 = Debug|Any CPU
		{9B6F5055-5419-4C6B-80A4-E99CC9F26158}.Debug|iPhone.Deploy.0 = Debug|Any CPU
		{9B6F5055-5419-4C6B-80A4-E99CC9F26158}.Debug|iPhoneSimulator.ActiveCfg = Debug|Any CPU
		{9B6F5055-5419-4C6B-80A4-E99CC9F26158}.Debug|iPhoneSimulator.Build.0 = Debug|Any CPU
		{9B6F5055-5419-4C6B-80A4-E99CC9F26158}.Debug|iPhoneSimulator.Deploy.0 = Debug|Any CPU
		{9B6F5055-5419-4C6B-80A4-E99CC9F26158}.Release|Any CPU.ActiveCfg = Release|Any CPU
		{9B6F5055-5419-4C6B-80A4-E99CC9F26158}.Release|Any CPU.Build.0 = Release|Any CPU
		{9B6F5055-5419-4C6B-80A4-E99CC9F26158}.Release|Any CPU.Deploy.0 = Release|Any CPU
		{9B6F5055-5419-4C6B-80A4-E99CC9F26158}.Release|iPhone.ActiveCfg = Release|Any CPU
		{9B6F5055-5419-4C6B-80A4-E99CC9F26158}.Release|iPhone.Build.0 = Release|Any CPU
		{9B6F5055-5419-4C6B-80A4-E99CC9F26158}.Release|iPhone.Deploy.0 = Release|Any CPU
		{9B6F5055-5419-4C6B-80A4-E99CC9F26158}.Release|iPhoneSimulator.ActiveCfg = Release|Any CPU
		{9B6F5055-5419-4C6B-80A4-E99CC9F26158}.Release|iPhoneSimulator.Build.0 = Release|Any CPU
		{9B6F5055-5419-4C6B-80A4-E99CC9F26158}.Release|iPhoneSimulator.Deploy.0 = Release|Any CPU
	EndGlobalSection
	GlobalSection(SolutionProperties) = preSolution
		HideSolutionNode = FALSE
	EndGlobalSection
	GlobalSection(ExtensibilityGlobals) = postSolution
		SolutionGuid = {79D86342-F5A7-4A54-AB95-D3908C44A97C}
	EndGlobalSection
EndGlobal
